<?xml version="1.0" encoding="utf-8"?>
<Project ToolsVersion="4.0" xmlns="http://schemas.microsoft.com/developer/msbuild/2003">
  <ItemGroup>
    <Filter Include="Source Files">
      <UniqueIdentifier>{4FC737F1-C7A5-4376-A066-2A32D752A2FF}</UniqueIdentifier>
      <Extensions>cpp;c;cc;cxx;c++;cppm;ixx;def;odl;idl;hpj;bat;asm;asmx</Extensions>
    </Filter>
    <Filter Include="Header Files">
      <UniqueIdentifier>{93995380-89BD-4b04-88EB-625FBE52EBFB}</UniqueIdentifier>
      <Extensions>h;hh;hpp;hxx;h++;hm;inl;inc;ipp;xsd</Extensions>
    </Filter>
    <Filter Include="Resource Files">
      <UniqueIdentifier>{67DA6AB6-F800-4c08-8B7A-83BB121AAD01}</UniqueIdentifier>
      <Extensions>rc;ico;cur;bmp;dlg;rc2;rct;bin;rgs;gif;jpg;jpeg;jpe;resx;tiff;tif;png;wav;mfcribbon-ms</Extensions>
    </Filter>
    <Filter Include="Header Files\ForceGenerators">
      <UniqueIdentifier>{ef89a3a4-fb15-436f-8e27-57c07b0478d5}</UniqueIdentifier>
    </Filter>
    <Filter Include="Source Files\ForceGenerators">
      <UniqueIdentifier>{d86ad89c-92d0-4d8b-a6f7-f1ff55e1338b}</UniqueIdentifier>
    </Filter>
  </ItemGroup>
  <ItemGroup>
    <ClCompile Include="CinkesPhysics.cpp">
      <Filter>Source Files</Filter>
    </ClCompile>
    <ClCompile Include="CPhysicsWorld.cpp">
      <Filter>Source Files</Filter>
    </ClCompile>
    <ClCompile Include="CRigidBody.cpp">
      <Filter>Source Files</Filter>
    </ClCompile>
    <ClCompile Include="CBody.cpp">
      <Filter>Source Files</Filter>
    </ClCompile>
    <ClCompile Include="CForceGeneratorRegistry.cpp">
      <Filter>Source Files</Filter>
    </ClCompile>
    <ClCompile Include="CForceGenerator.cpp">
      <Filter>Source Files\ForceGenerators</Filter>
    </ClCompile>
    <ClCompile Include="CSpringForceGenerator.cpp">
      <Filter>Source Files</Filter>
    </ClCompile>
    <ClCompile Include="CTestResolver.cpp">
      <Filter>Source Files</Filter>
    </ClCompile>
  </ItemGroup>
  <ItemGroup>
    <ClInclude Include="CPhysicsWorld.h">
      <Filter>Header Files</Filter>
    </ClInclude>
    <ClInclude Include="CRigidBody.h">
      <Filter>Header Files</Filter>
    </ClInclude>
    <ClInclude Include="CSpring.h">
      <Filter>Header Files</Filter>
    </ClInclude>
    <ClInclude Include="CBody.h">
      <Filter>Header Files</Filter>
    </ClInclude>
    <ClInclude Include="CForceGenerator.h">
      <Filter>Header Files\ForceGenerators</Filter>
    </ClInclude>
    <ClInclude Include="CForceGeneratorRegistry.h">
      <Filter>Header Files</Filter>
    </ClInclude>
    <ClInclude Include="CGravitiyGenerator.h">
      <Filter>Header Files\ForceGenerators</Filter>
    </ClInclude>
    <ClInclude Include="CSpringForceGenerator.h">
      <Filter>Header Files</Filter>
    </ClInclude>
    <ClInclude Include="CTestResolver.h">
      <Filter>Header Files</Filter>
    </ClInclude>
  </ItemGroup>
</Project>